// !$*UTF8*$!
{
	archiveVersion = 1;
	classes = {
	};
	objectVersion = 50;
	objects = {

/* Begin PBXBuildFile section */
		650ACBD5244582EA009F415C /* gtest.framework in Frameworks */ = {isa = PBXBuildFile; fileRef = 650ACBD4244582EA009F415C /* gtest.framework */; };
		650ACBD7244582FC009F415C /* libgtest_main.a in Frameworks */ = {isa = PBXBuildFile; fileRef = 650ACBD6244582FC009F415C /* libgtest_main.a */; };
		650ACBDA244583FB009F415C /* testEX1_3_3.cpp in Sources */ = {isa = PBXBuildFile; fileRef = 650ACBD8244583FB009F415C /* testEX1_3_3.cpp */; };
		65E2081124458AEB002C5ED0 /* main.cpp in Sources */ = {isa = PBXBuildFile; fileRef = 650ACBC124458269009F415C /* main.cpp */; };
		65E2081424458D70002C5ED0 /* GreatestCommonDivisor.cpp in Sources */ = {isa = PBXBuildFile; fileRef = 65E2081324458D70002C5ED0 /* GreatestCommonDivisor.cpp */; };
/* End PBXBuildFile section */

/* Begin PBXCopyFilesBuildPhase section */
		650ACBBC24458269009F415C /* CopyFiles */ = {
			isa = PBXCopyFilesBuildPhase;
			buildActionMask = 2147483647;
			dstPath = /usr/share/man/man1/;
			dstSubfolderSpec = 0;
			files = (
			);
			runOnlyForDeploymentPostprocessing = 1;
		};
		650ACBCA24458296009F415C /* CopyFiles */ = {
			isa = PBXCopyFilesBuildPhase;
			buildActionMask = 2147483647;
			dstPath = /usr/share/man/man1/;
			dstSubfolderSpec = 0;
			files = (
			);
			runOnlyForDeploymentPostprocessing = 1;
		};
/* End PBXCopyFilesBuildPhase section */

/* Begin PBXFileReference section */
		650ACBBE24458269009F415C /* EX1_3_3 */ = {isa = PBXFileReference; explicitFileType = "compiled.mach-o.executable"; includeInIndex = 0; path = EX1_3_3; sourceTree = BUILT_PRODUCTS_DIR; };
		650ACBC124458269009F415C /* main.cpp */ = {isa = PBXFileReference; lastKnownFileType = sourcecode.cpp.cpp; path = main.cpp; sourceTree = "<group>"; };
		650ACBCC24458296009F415C /* googleTest */ = {isa = PBXFileReference; explicitFileType = "compiled.mach-o.executable"; includeInIndex = 0; path = googleTest; sourceTree = BUILT_PRODUCTS_DIR; };
		650ACBD4244582EA009F415C /* gtest.framework */ = {isa = PBXFileReference; lastKnownFileType = wrapper.framework; name = gtest.framework; path = ../../../gtest.framework; sourceTree = "<group>"; };
		650ACBD6244582FC009F415C /* libgtest_main.a */ = {isa = PBXFileReference; lastKnownFileType = archive.ar; name = libgtest_main.a; path = ../../../gtest.framework/Versions/A/Resources/libgtest_main.a; sourceTree = "<group>"; };
		650ACBD8244583FB009F415C /* testEX1_3_3.cpp */ = {isa = PBXFileReference; lastKnownFileType = sourcecode.cpp.cpp; path = testEX1_3_3.cpp; sourceTree = "<group>"; };
		65E2081324458D70002C5ED0 /* GreatestCommonDivisor.cpp */ = {isa = PBXFileReference; lastKnownFileType = sourcecode.cpp.cpp; path = GreatestCommonDivisor.cpp; sourceTree = "<group>"; };
		65E2081624459053002C5ED0 /* header.hpp */ = {isa = PBXFileReference; lastKnownFileType = sourcecode.cpp.h; path = header.hpp; sourceTree = "<group>"; };
/* End PBXFileReference section */

/* Begin PBXFrameworksBuildPhase section */
		650ACBBB24458269009F415C /* Frameworks */ = {
			isa = PBXFrameworksBuildPhase;
			buildActionMask = 2147483647;
			files = (
			);
			runOnlyForDeploymentPostprocessing = 0;
		};
		650ACBC924458296009F415C /* Frameworks */ = {
			isa = PBXFrameworksBuildPhase;
			buildActionMask = 2147483647;
			files = (
				650ACBD7244582FC009F415C /* libgtest_main.a in Frameworks */,
				650ACBD5244582EA009F415C /* gtest.framework in Frameworks */,
			);
			runOnlyForDeploymentPostprocessing = 0;
		};
/* End PBXFrameworksBuildPhase section */

/* Begin PBXGroup section */
		650ACBB524458269009F415C = {
			isa = PBXGroup;
			children = (
				650ACBC024458269009F415C /* EX1_3_3 */,
				650ACBCD24458296009F415C /* googleTest */,
				650ACBBF24458269009F415C /* Products */,
				650ACBD3244582E9009F415C /* Frameworks */,
			);
			sourceTree = "<group>";
		};
		650ACBBF24458269009F415C /* Products */ = {
			isa = PBXGroup;
			children = (
				650ACBBE24458269009F415C /* EX1_3_3 */,
				650ACBCC24458296009F415C /* googleTest */,
			);
			name = Products;
			sourceTree = "<group>";
		};
		650ACBC024458269009F415C /* EX1_3_3 */ = {
			isa = PBXGroup;
			children = (
				650ACBC124458269009F415C /* main.cpp */,
				65E2081324458D70002C5ED0 /* GreatestCommonDivisor.cpp */,
				65E2081624459053002C5ED0 /* header.hpp */,
			);
			path = EX1_3_3;
			sourceTree = "<group>";
		};
		650ACBCD24458296009F415C /* googleTest */ = {
			isa = PBXGroup;
			children = (
				650ACBD8244583FB009F415C /* testEX1_3_3.cpp */,
			);
			path = googleTest;
			sourceTree = "<group>";
		};
		650ACBD3244582E9009F415C /* Frameworks */ = {
			isa = PBXGroup;
			children = (
				650ACBD6244582FC009F415C /* libgtest_main.a */,
				650ACBD4244582EA009F415C /* gtest.framework */,
			);
			name = Frameworks;
			sourceTree = "<group>";
		};
/* End PBXGroup section */

/* Begin PBXNativeTarget section */
		650ACBBD24458269009F415C /* EX1_3_3 */ = {
			isa = PBXNativeTarget;
			buildConfigurationList = 650ACBC524458269009F415C /* Build configuration list for PBXNativeTarget "EX1_3_3" */;
			buildPhases = (
				650ACBBA24458269009F415C /* Sources */,
				650ACBBB24458269009F415C /* Frameworks */,
				650ACBBC24458269009F415C /* CopyFiles */,
			);
			buildRules = (
			);
			dependencies = (
			);
			name = EX1_3_3;
			productName = EX1_3_3;
			productReference = 650ACBBE24458269009F415C /* EX1_3_3 */;
			productType = "com.apple.product-type.tool";
		};
		650ACBCB24458296009F415C /* googleTest */ = {
			isa = PBXNativeTarget;
			buildConfigurationList = 650ACBD024458296009F415C /* Build configuration list for PBXNativeTarget "googleTest" */;
			buildPhases = (
				650ACBC824458296009F415C /* Sources */,
				650ACBC924458296009F415C /* Frameworks */,
				650ACBCA24458296009F415C /* CopyFiles */,
			);
			buildRules = (
			);
			dependencies = (
			);
			name = googleTest;
			productName = googleTest;
			productReference = 650ACBCC24458296009F415C /* googleTest */;
			productType = "com.apple.product-type.tool";
		};
/* End PBXNativeTarget section */

/* Begin PBXProject section */
		650ACBB624458269009F415C /* Project object */ = {
			isa = PBXProject;
			attributes = {
				LastUpgradeCheck = 1020;
				ORGANIZATIONNAME = "wada keisuke";
				TargetAttributes = {
					650ACBBD24458269009F415C = {
						CreatedOnToolsVersion = 10.2.1;
					};
					650ACBCB24458296009F415C = {
						CreatedOnToolsVersion = 10.2.1;
					};
				};
			};
			buildConfigurationList = 650ACBB924458269009F415C /* Build configuration list for PBXProject "EX1_3_3" */;
			compatibilityVersion = "Xcode 9.3";
			developmentRegion = en;
			hasScannedForEncodings = 0;
			knownRegions = (
				en,
			);
			mainGroup = 650ACBB524458269009F415C;
			productRefGroup = 650ACBBF24458269009F415C /* Products */;
			projectDirPath = "";
			projectRoot = "";
			targets = (
				650ACBBD24458269009F415C /* EX1_3_3 */,
				650ACBCB24458296009F415C /* googleTest */,
			);
		};
/* End PBXProject section */

/* Begin PBXSourcesBuildPhase section */
		650ACBBA24458269009F415C /* Sources */ = {
			isa = PBXSourcesBuildPhase;
			buildActionMask = 2147483647;
			files = (
				65E2081424458D70002C5ED0 /* GreatestCommonDivisor.cpp in Sources */,
				65E2081124458AEB002C5ED0 /* main.cpp in Sources */,
			);
			runOnlyForDeploymentPostprocessing = 0;
		};
		650ACBC824458296009F415C /* Sources */ = {
			isa = PBXSourcesBuildPhase;
			buildActionMask = 2147483647;
			files = (
				650ACBDA244583FB009F415C /* testEX1_3_3.cpp in Sources */,
			);
			runOnlyForDeploymentPostprocessing = 0;
		};
/* End PBXSourcesBuildPhase section */

/* Begin XCBuildConfiguration section */
		650ACBC324458269009F415C /* Debug */ = {
			isa = XCBuildConfiguration;
			buildSettings = {
				ALWAYS_SEARCH_USER_PATHS = NO;
				CLANG_ANALYZER_NONNULL = YES;
				CLANG_ANALYZER_NUMBER_OBJECT_CONVERSION = YES_AGGRESSIVE;
				CLANG_CXX_LANGUAGE_STANDARD = "gnu++14";
				CLANG_CXX_LIBRARY = "libc++";
				CLANG_ENABLE_MODULES = YES;
				CLANG_ENABLE_OBJC_ARC = YES;
				CLANG_ENABLE_OBJC_WEAK = YES;
				CLANG_WARN_BLOCK_CAPTURE_AUTORELEASING = YES;
				CLANG_WARN_BOOL_CONVERSION = YES;
				CLANG_WARN_COMMA = YES;
				CLANG_WARN_CONSTANT_CONVERSION = YES;
				CLANG_WARN_DEPRECATED_OBJC_IMPLEMENTATIONS = YES;
				CLANG_WARN_DIRECT_OBJC_ISA_USAGE = YES_ERROR;
				CLANG_WARN_DOCUMENTATION_COMMENTS = YES;
				CLANG_WARN_EMPTY_BODY = YES;
				CLANG_WARN_ENUM_CONVERSION = YES;
				CLANG_WARN_INFINITE_RECURSION = YES;
				CLANG_WARN_INT_CONVERSION = YES;
				CLANG_WARN_NON_LITERAL_NULL_CONVERSION = YES;
				CLANG_WARN_OBJC_IMPLICIT_RETAIN_SELF = YES;
				CLANG_WARN_OBJC_LITERAL_CONVERSION = YES;
				CLANG_WARN_OBJC_ROOT_CLASS = YES_ERROR;
				CLANG_WARN_RANGE_LOOP_ANALYSIS = YES;
				CLANG_WARN_STRICT_PROTOTYPES = YES;
				CLANG_WARN_SUSPICIOUS_MOVE = YES;
				CLANG_WARN_UNGUARDED_AVAILABILITY = YES_AGGRESSIVE;
				CLANG_WARN_UNREACHABLE_CODE = YES;
				CLANG_WARN__DUPLICATE_METHOD_MATCH = YES;
				CODE_SIGN_IDENTITY = "-";
				COPY_PHASE_STRIP = NO;
				DEBUG_INFORMATION_FORMAT = dwarf;
				ENABLE_STRICT_OBJC_MSGSEND = YES;
				ENABLE_TESTABILITY = YES;
				GCC_C_LANGUAGE_STANDARD = gnu11;
				GCC_DYNAMIC_NO_PIC = NO;
				GCC_NO_COMMON_BLOCKS = YES;
				GCC_OPTIMIZATION_LEVEL = 0;
				GCC_PREPROCESSOR_DEFINITIONS = (
					"DEBUG=1",
					"$(inherited)",
				);
				GCC_WARN_64_TO_32_BIT_CONVERSION = YES;
				GCC_WARN_ABOUT_RETURN_TYPE = YES_ERROR;
				GCC_WARN_UNDECLARED_SELECTOR = YES;
				GCC_WARN_UNINITIALIZED_AUTOS = YES_AGGRESSIVE;
				GCC_WARN_UNUSED_FUNCTION = YES;
				GCC_WARN_UNUSED_VARIABLE = YES;
				MACOSX_DEPLOYMENT_TARGET = 10.15;
				MTL_ENABLE_DEBUG_INFO = INCLUDE_SOURCE;
				MTL_FAST_MATH = YES;
				ONLY_ACTIVE_ARCH = YES;
				SDKROOT = macosx;
				VALID_ARCHS = x86_64;
			};
			name = Debug;
		};
		650ACBC424458269009F415C /* Release */ = {
			isa = XCBuildConfiguration;
			buildSettings = {
				ALWAYS_SEARCH_USER_PATHS = NO;
				CLANG_ANALYZER_NONNULL = YES;
				CLANG_ANALYZER_NUMBER_OBJECT_CONVERSION = YES_AGGRESSIVE;
				CLANG_CXX_LANGUAGE_STANDARD = "gnu++14";
				CLANG_CXX_LIBRARY = "libc++";
				CLANG_ENABLE_MODULES = YES;
				CLANG_ENABLE_OBJC_ARC = YES;
				CLANG_ENABLE_OBJC_WEAK = YES;
				CLANG_WARN_BLOCK_CAPTURE_AUTORELEASING = YES;
				CLANG_WARN_BOOL_CONVERSION = YES;
				CLANG_WARN_COMMA = YES;
				CLANG_WARN_CONSTANT_CONVERSION = YES;
				CLANG_WARN_DEPRECATED_OBJC_IMPLEMENTATIONS = YES;
				CLANG_WARN_DIRECT_OBJC_ISA_USAGE = YES_ERROR;
				CLANG_WARN_DOCUMENTATION_COMMENTS = YES;
				CLANG_WARN_EMPTY_BODY = YES;
				CLANG_WARN_ENUM_CONVERSION = YES;
				CLANG_WARN_INFINITE_RECURSION = YES;
				CLANG_WARN_INT_CONVERSION = YES;
				CLANG_WARN_NON_LITERAL_NULL_CONVERSION = YES;
				CLANG_WARN_OBJC_IMPLICIT_RETAIN_SELF = YES;
				CLANG_WARN_OBJC_LITERAL_CONVERSION = YES;
				CLANG_WARN_OBJC_ROOT_CLASS = YES_ERROR;
				CLANG_WARN_RANGE_LOOP_ANALYSIS = YES;
				CLANG_WARN_STRICT_PROTOTYPES = YES;
				CLANG_WARN_SUSPICIOUS_MOVE = YES;
				CLANG_WARN_UNGUARDED_AVAILABILITY = YES_AGGRESSIVE;
				CLANG_WARN_UNREACHABLE_CODE = YES;
				CLANG_WARN__DUPLICATE_METHOD_MATCH = YES;
				CODE_SIGN_IDENTITY = "-";
				COPY_PHASE_STRIP = NO;
				DEBUG_INFORMATION_FORMAT = "dwarf-with-dsym";
				ENABLE_NS_ASSERTIONS = NO;
				ENABLE_STRICT_OBJC_MSGSEND = YES;
				GCC_C_LANGUAGE_STANDARD = gnu11;
				GCC_NO_COMMON_BLOCKS = YES;
				GCC_WARN_64_TO_32_BIT_CONVERSION = YES;
				GCC_WARN_ABOUT_RETURN_TYPE = YES_ERROR;
				GCC_WARN_UNDECLARED_SELECTOR = YES;
				GCC_WARN_UNINITIALIZED_AUTOS = YES_AGGRESSIVE;
				GCC_WARN_UNUSED_FUNCTION = YES;
				GCC_WARN_UNUSED_VARIABLE = YES;
				MACOSX_DEPLOYMENT_TARGET = 10.15;
				MTL_ENABLE_DEBUG_INFO = NO;
				MTL_FAST_MATH = YES;
				SDKROOT = macosx;
				VALID_ARCHS = x86_64;
			};
			name = Release;
		};
		650ACBC624458269009F415C /* Debug */ = {
			isa = XCBuildConfiguration;
			buildSettings = {
				CODE_SIGN_STYLE = Automatic;
				MACOSX_DEPLOYMENT_TARGET = 10.14;
				PRODUCT_NAME = "$(TARGET_NAME)";
				VALID_ARCHS = x86_64;
			};
			name = Debug;
		};
		650ACBC724458269009F415C /* Release */ = {
			isa = XCBuildConfiguration;
			buildSettings = {
				CODE_SIGN_STYLE = Automatic;
				MACOSX_DEPLOYMENT_TARGET = 10.14;
				PRODUCT_NAME = "$(TARGET_NAME)";
				VALID_ARCHS = x86_64;
			};
			name = Release;
		};
		650ACBD124458296009F415C /* Debug */ = {
			isa = XCBuildConfiguration;
			buildSettings = {
				CODE_SIGN_STYLE = Automatic;
				LIBRARY_SEARCH_PATHS = (
					"$(SYSTEM_LIBRARY_DIR)/Frameworks/gtest.framework/Versions/A/Resources",
					"$(inherited)",
				);
				MACOSX_DEPLOYMENT_TARGET = 10.14;
				PRODUCT_NAME = "$(TARGET_NAME)";
			};
			name = Debug;
		};
		650ACBD224458296009F415C /* Release */ = {
			isa = XCBuildConfiguration;
			buildSettings = {
				CODE_SIGN_STYLE = Automatic;
				LIBRARY_SEARCH_PATHS = (
					"$(SYSTEM_LIBRARY_DIR)/Frameworks/gtest.framework/Versions/A/Resources",
					"$(inherited)",
				);
				MACOSX_DEPLOYMENT_TARGET = 10.14;
				PRODUCT_NAME = "$(TARGET_NAME)";
			};
			name = Release;
		};
/* End XCBuildConfiguration section */

/* Begin XCConfigurationList section */
		650ACBB924458269009F415C /* Build configuration list for PBXProject "EX1_3_3" */ = {
			isa = XCConfigurationList;
			buildConfigurations = (
				650ACBC324458269009F415C /* Debug */,
				650ACBC424458269009F415C /* Release */,
			);
			defaultConfigurationIsVisible = 0;
			defaultConfigurationName = Release;
		};
		650ACBC524458269009F415C /* Build configuration list for PBXNativeTarget "EX1_3_3" */ = {
			isa = XCConfigurationList;
			buildConfigurations = (
				650ACBC624458269009F415C /* Debug */,
				650ACBC724458269009F415C /* Release */,
			);
			defaultConfigurationIsVisible = 0;
			defaultConfigurationName = Release;
		};
		650ACBD024458296009F415C /* Build configuration list for PBXNativeTarget "googleTest" */ = {
			isa = XCConfigurationList;
			buildConfigurations = (
				650ACBD124458296009F415C /* Debug */,
				650ACBD224458296009F415C /* Release */,
			);
			defaultConfigurationIsVisible = 0;
			defaultConfigurationName = Release;
		};
/* End XCConfigurationList section */
	};
	rootObject = 650ACBB624458269009F415C /* Project object */;
}
